// !$*UTF8*$!
{
	archiveVersion = 1;
	classes = {
	};
	objectVersion = 50;
	objects = {

/* Begin PBXBuildFile section */
		372ECDFB249CDA0600CD8A54 /* American-Fox-2.ttf in Resources */ = {isa = PBXBuildFile; fileRef = 372ECDFA249CDA0600CD8A54 /* American-Fox-2.ttf */; };
		372ECE01249CDD9C00CD8A54 /* FangYuanZhunYuanTi-2.ttf in Resources */ = {isa = PBXBuildFile; fileRef = 372ECE00249CDD9C00CD8A54 /* FangYuanZhunYuanTi-2.ttf */; };
		3768EADB24974A4A00A3AC2B /* iconfont.ttf in Resources */ = {isa = PBXBuildFile; fileRef = 3768EAD724974A4900A3AC2B /* iconfont.ttf */; };
		3799749B2492E203003C9CA1 /* MQAppDelegate.m in Sources */ = {isa = PBXBuildFile; fileRef = 3799749A2492E203003C9CA1 /* MQAppDelegate.m */; };
		3799749E2492E203003C9CA1 /* MQSceneDelegate.m in Sources */ = {isa = PBXBuildFile; fileRef = 3799749D2492E203003C9CA1 /* MQSceneDelegate.m */; };
		379974A62492E205003C9CA1 /* Assets.xcassets in Resources */ = {isa = PBXBuildFile; fileRef = 379974A52492E205003C9CA1 /* Assets.xcassets */; };
		379974A92492E205003C9CA1 /* LaunchScreen.storyboard in Resources */ = {isa = PBXBuildFile; fileRef = 379974A72492E205003C9CA1 /* LaunchScreen.storyboard */; };
		379974AC2492E205003C9CA1 /* main.m in Sources */ = {isa = PBXBuildFile; fileRef = 379974AB2492E205003C9CA1 /* main.m */; };
		744A25F987B97794E3711A9A /* Pods_Rainville.framework in Frameworks */ = {isa = PBXBuildFile; fileRef = 2073A883B3B3D0E32985E6BA /* Pods_Rainville.framework */; };
/* End PBXBuildFile section */

/* Begin PBXFileReference section */
		2073A883B3B3D0E32985E6BA /* Pods_Rainville.framework */ = {isa = PBXFileReference; explicitFileType = wrapper.framework; includeInIndex = 0; path = Pods_Rainville.framework; sourceTree = BUILT_PRODUCTS_DIR; };
		372ECDFA249CDA0600CD8A54 /* American-Fox-2.ttf */ = {isa = PBXFileReference; lastKnownFileType = file; path = "American-Fox-2.ttf"; sourceTree = "<group>"; };
		372ECE00249CDD9C00CD8A54 /* FangYuanZhunYuanTi-2.ttf */ = {isa = PBXFileReference; lastKnownFileType = file; path = "FangYuanZhunYuanTi-2.ttf"; sourceTree = "<group>"; };
		3768EAD724974A4900A3AC2B /* iconfont.ttf */ = {isa = PBXFileReference; lastKnownFileType = file; path = iconfont.ttf; sourceTree = "<group>"; };
		379974962492E203003C9CA1 /* Rainville.app */ = {isa = PBXFileReference; explicitFileType = wrapper.application; includeInIndex = 0; path = Rainville.app; sourceTree = BUILT_PRODUCTS_DIR; };
		379974992492E203003C9CA1 /* MQAppDelegate.h */ = {isa = PBXFileReference; lastKnownFileType = sourcecode.c.h; path = MQAppDelegate.h; sourceTree = "<group>"; };
		3799749A2492E203003C9CA1 /* MQAppDelegate.m */ = {isa = PBXFileReference; lastKnownFileType = sourcecode.c.objc; path = MQAppDelegate.m; sourceTree = "<group>"; };
		3799749C2492E203003C9CA1 /* MQSceneDelegate.h */ = {isa = PBXFileReference; lastKnownFileType = sourcecode.c.h; path = MQSceneDelegate.h; sourceTree = "<group>"; };
		3799749D2492E203003C9CA1 /* MQSceneDelegate.m */ = {isa = PBXFileReference; lastKnownFileType = sourcecode.c.objc; path = MQSceneDelegate.m; sourceTree = "<group>"; };
		379974A52492E205003C9CA1 /* Assets.xcassets */ = {isa = PBXFileReference; lastKnownFileType = folder.assetcatalog; path = Assets.xcassets; sourceTree = "<group>"; };
		379974A82492E205003C9CA1 /* Base */ = {isa = PBXFileReference; lastKnownFileType = file.storyboard; name = Base; path = Base.lproj/LaunchScreen.storyboard; sourceTree = "<group>"; };
		379974AA2492E205003C9CA1 /* Info.plist */ = {isa = PBXFileReference; lastKnownFileType = text.plist.xml; path = Info.plist; sourceTree = "<group>"; };
		379974AB2492E205003C9CA1 /* main.m */ = {isa = PBXFileReference; lastKnownFileType = sourcecode.c.objc; path = main.m; sourceTree = "<group>"; };
		5BC36F28680878B82B4772E8 /* Pods-Rainville.release.xcconfig */ = {isa = PBXFileReference; includeInIndex = 1; lastKnownFileType = text.xcconfig; name = "Pods-Rainville.release.xcconfig"; path = "Target Support Files/Pods-Rainville/Pods-Rainville.release.xcconfig"; sourceTree = "<group>"; };
		7E433CC2518F580267517A54 /* Pods-Rainville.debug.xcconfig */ = {isa = PBXFileReference; includeInIndex = 1; lastKnownFileType = text.xcconfig; name = "Pods-Rainville.debug.xcconfig"; path = "Target Support Files/Pods-Rainville/Pods-Rainville.debug.xcconfig"; sourceTree = "<group>"; };
/* End PBXFileReference section */

/* Begin PBXFrameworksBuildPhase section */
		379974932492E203003C9CA1 /* Frameworks */ = {
			isa = PBXFrameworksBuildPhase;
			buildActionMask = 2147483647;
			files = (
				744A25F987B97794E3711A9A /* Pods_Rainville.framework in Frameworks */,
			);
			runOnlyForDeploymentPostprocessing = 0;
		};
/* End PBXFrameworksBuildPhase section */

/* Begin PBXGroup section */
		3799748D2492E203003C9CA1 = {
			isa = PBXGroup;
			children = (
				379974982492E203003C9CA1 /* Rainville */,
				379974972492E203003C9CA1 /* Products */,
				6D249E8F72735B74F6400139 /* Pods */,
				5FC5D5D503EEAB95C50EDF1F /* Frameworks */,
			);
			sourceTree = "<group>";
		};
		379974972492E203003C9CA1 /* Products */ = {
			isa = PBXGroup;
			children = (
				379974962492E203003C9CA1 /* Rainville.app */,
			);
			name = Products;
			sourceTree = "<group>";
		};
		379974982492E203003C9CA1 /* Rainville */ = {
			isa = PBXGroup;
			children = (
				379974B42492FE24003C9CA1 /* resources */,
				379974992492E203003C9CA1 /* MQAppDelegate.h */,
				3799749A2492E203003C9CA1 /* MQAppDelegate.m */,
				3799749C2492E203003C9CA1 /* MQSceneDelegate.h */,
				3799749D2492E203003C9CA1 /* MQSceneDelegate.m */,
				379974A52492E205003C9CA1 /* Assets.xcassets */,
				379974A72492E205003C9CA1 /* LaunchScreen.storyboard */,
				379974AA2492E205003C9CA1 /* Info.plist */,
				379974AB2492E205003C9CA1 /* main.m */,
			);
			path = Rainville;
			sourceTree = "<group>";
		};
		379974B42492FE24003C9CA1 /* resources */ = {
			isa = PBXGroup;
			children = (
				372ECE00249CDD9C00CD8A54 /* FangYuanZhunYuanTi-2.ttf */,
				372ECDFA249CDA0600CD8A54 /* American-Fox-2.ttf */,
				3768EAD724974A4900A3AC2B /* iconfont.ttf */,
			);
			path = resources;
			sourceTree = "<group>";
		};
		5FC5D5D503EEAB95C50EDF1F /* Frameworks */ = {
			isa = PBXGroup;
			children = (
				2073A883B3B3D0E32985E6BA /* Pods_Rainville.framework */,
			);
			name = Frameworks;
			sourceTree = "<group>";
		};
		6D249E8F72735B74F6400139 /* Pods */ = {
			isa = PBXGroup;
			children = (
				7E433CC2518F580267517A54 /* Pods-Rainville.debug.xcconfig */,
				5BC36F28680878B82B4772E8 /* Pods-Rainville.release.xcconfig */,
			);
			path = Pods;
			sourceTree = "<group>";
		};
/* End PBXGroup section */

/* Begin PBXNativeTarget section */
		379974952492E203003C9CA1 /* Rainville */ = {
			isa = PBXNativeTarget;
			buildConfigurationList = 379974AF2492E205003C9CA1 /* Build configuration list for PBXNativeTarget "Rainville" */;
			buildPhases = (
				CC792F6F379E736788E6ECFB /* [CP] Check Pods Manifest.lock */,
				379974922492E203003C9CA1 /* Sources */,
				379974932492E203003C9CA1 /* Frameworks */,
				379974942492E203003C9CA1 /* Resources */,
				6686848274A40E27D516D370 /* [CP] Embed Pods Frameworks */,
			);
			buildRules = (
			);
			dependencies = (
			);
			name = Rainville;
			productName = Rainville;
			productReference = 379974962492E203003C9CA1 /* Rainville.app */;
			productType = "com.apple.product-type.application";
		};
/* End PBXNativeTarget section */

/* Begin PBXProject section */
		3799748E2492E203003C9CA1 /* Project object */ = {
			isa = PBXProject;
			attributes = {
				LastUpgradeCheck = 1150;
				ORGANIZATIONNAME = MQ;
				TargetAttributes = {
					379974952492E203003C9CA1 = {
						CreatedOnToolsVersion = 11.5;
					};
				};
			};
			buildConfigurationList = 379974912492E203003C9CA1 /* Build configuration list for PBXProject "Rainville" */;
			compatibilityVersion = "Xcode 9.3";
			developmentRegion = en;
			hasScannedForEncodings = 0;
			knownRegions = (
				en,
				Base,
			);
			mainGroup = 3799748D2492E203003C9CA1;
			productRefGroup = 379974972492E203003C9CA1 /* Products */;
			projectDirPath = "";
			projectRoot = "";
			targets = (
				379974952492E203003C9CA1 /* Rainville */,
			);
		};
/* End PBXProject section */

/* Begin PBXResourcesBuildPhase section */
		379974942492E203003C9CA1 /* Resources */ = {
			isa = PBXResourcesBuildPhase;
			buildActionMask = 2147483647;
			files = (
				372ECDFB249CDA0600CD8A54 /* American-Fox-2.ttf in Resources */,
				379974A92492E205003C9CA1 /* LaunchScreen.storyboard in Resources */,
				372ECE01249CDD9C00CD8A54 /* FangYuanZhunYuanTi-2.ttf in Resources */,
				379974A62492E205003C9CA1 /* Assets.xcassets in Resources */,
				3768EADB24974A4A00A3AC2B /* iconfont.ttf in Resources */,
			);
			runOnlyForDeploymentPostprocessing = 0;
		};
/* End PBXResourcesBuildPhase section */

/* Begin PBXShellScriptBuildPhase section */
		6686848274A40E27D516D370 /* [CP] Embed Pods Frameworks */ = {
			isa = PBXShellScriptBuildPhase;
			buildActionMask = 2147483647;
			files = (
			);
			inputFileListPaths = (
			);
			name = "[CP] Embed Pods Frameworks";
			outputFileListPaths = (
			);
			runOnlyForDeploymentPostprocessing = 0;
			shellPath = /bin/sh;
			shellScript = "\"${PODS_ROOT}/Target Support Files/Pods-Rainville/Pods-Rainville-frameworks.sh\"\n";
			showEnvVarsInLog = 0;
		};
		CC792F6F379E736788E6ECFB /* [CP] Check Pods Manifest.lock */ = {
			isa = PBXShellScriptBuildPhase;
			buildActionMask = 2147483647;
			files = (
			);
			inputFileListPaths = (
			);
			inputPaths = (
				"${PODS_PODFILE_DIR_PATH}/Podfile.lock",
				"${PODS_ROOT}/Manifest.lock",
			);
			name = "[CP] Check Pods Manifest.lock";
			outputFileListPaths = (
			);
			outputPaths = (
				"$(DERIVED_FILE_DIR)/Pods-Rainville-checkManifestLockResult.txt",
			);
			runOnlyForDeploymentPostprocessing = 0;
			shellPath = /bin/sh;
			shellScript = "diff \"${PODS_PODFILE_DIR_PATH}/Podfile.lock\" \"${PODS_ROOT}/Manifest.lock\" > /dev/null\nif [ $? != 0 ] ; then\n    # print error to STDERR\n    echo \"error: The sandbox is not in sync with the Podfile.lock. Run 'pod install' or update your CocoaPods installation.\" >&2\n    exit 1\nfi\n# This output is used by Xcode 'outputs' to avoid re-running this script phase.\necho \"SUCCESS\" > \"${SCRIPT_OUTPUT_FILE_0}\"\n";
			showEnvVarsInLog = 0;
		};
/* End PBXShellScriptBuildPhase section */

/* Begin PBXSourcesBuildPhase section */
		379974922492E203003C9CA1 /* Sources */ = {
			isa = PBXSourcesBuildPhase;
			buildActionMask = 2147483647;
			files = (
				3799749B2492E203003C9CA1 /* MQAppDelegate.m in Sources */,
				379974AC2492E205003C9CA1 /* main.m in Sources */,
				3799749E2492E203003C9CA1 /* MQSceneDelegate.m in Sources */,
			);
			runOnlyForDeploymentPostprocessing = 0;
		};
/* End PBXSourcesBuildPhase section */

/* Begin PBXVariantGroup section */
		379974A72492E205003C9CA1 /* LaunchScreen.storyboard */ = {
			isa = PBXVariantGroup;
			children = (
				379974A82492E205003C9CA1 /* Base */,
			);
			name = LaunchScreen.storyboard;
			sourceTree = "<group>";
		};
/* End PBXVariantGroup section */

/* Begin XCBuildConfiguration section */
		379974AD2492E205003C9CA1 /* Debug */ = {
			isa = XCBuildConfiguration;
			buildSettings = {
				ALWAYS_SEARCH_USER_PATHS = NO;
				CLANG_ANALYZER_NONNULL = YES;
				CLANG_ANALYZER_NUMBER_OBJECT_CONVERSION = YES_AGGRESSIVE;
				CLANG_CXX_LANGUAGE_STANDARD = "gnu++14";
				CLANG_CXX_LIBRARY = "libc++";
				CLANG_ENABLE_MODULES = YES;
				CLANG_ENABLE_OBJC_ARC = YES;
				CLANG_ENABLE_OBJC_WEAK = YES;
				CLANG_WARN_BLOCK_CAPTURE_AUTORELEASING = YES;
				CLANG_WARN_BOOL_CONVERSION = YES;
				CLANG_WARN_COMMA = YES;
				CLANG_WARN_CONSTANT_CONVERSION = YES;
				CLANG_WARN_DEPRECATED_OBJC_IMPLEMENTATIONS = YES;
				CLANG_WARN_DIRECT_OBJC_ISA_USAGE = YES_ERROR;
				CLANG_WARN_DOCUMENTATION_COMMENTS = YES;
				CLANG_WARN_EMPTY_BODY = YES;
				CLANG_WARN_ENUM_CONVERSION = YES;
				CLANG_WARN_INFINITE_RECURSION = YES;
				CLANG_WARN_INT_CONVERSION = YES;
				CLANG_WARN_NON_LITERAL_NULL_CONVERSION = YES;
				CLANG_WARN_OBJC_IMPLICIT_RETAIN_SELF = YES;
				CLANG_WARN_OBJC_LITERAL_CONVERSION = YES;
				CLANG_WARN_OBJC_ROOT_CLASS = YES_ERROR;
				CLANG_WARN_RANGE_LOOP_ANALYSIS = YES;
				CLANG_WARN_STRICT_PROTOTYPES = YES;
				CLANG_WARN_SUSPICIOUS_MOVE = YES;
				CLANG_WARN_UNGUARDED_AVAILABILITY = YES_AGGRESSIVE;
				CLANG_WARN_UNREACHABLE_CODE = YES;
				CLANG_WARN__DUPLICATE_METHOD_MATCH = YES;
				COPY_PHASE_STRIP = NO;
				DEBUG_INFORMATION_FORMAT = dwarf;
				ENABLE_STRICT_OBJC_MSGSEND = YES;
				ENABLE_TESTABILITY = YES;
				GCC_C_LANGUAGE_STANDARD = gnu11;
				GCC_DYNAMIC_NO_PIC = NO;
				GCC_NO_COMMON_BLOCKS = YES;
				GCC_OPTIMIZATION_LEVEL = 0;
				GCC_PREPROCESSOR_DEFINITIONS = (
					"DEBUG=1",
					"$(inherited)",
				);
				GCC_WARN_64_TO_32_BIT_CONVERSION = YES;
				GCC_WARN_ABOUT_RETURN_TYPE = YES_ERROR;
				GCC_WARN_UNDECLARED_SELECTOR = YES;
				GCC_WARN_UNINITIALIZED_AUTOS = YES_AGGRESSIVE;
				GCC_WARN_UNUSED_FUNCTION = YES;
				GCC_WARN_UNUSED_VARIABLE = YES;
				IPHONEOS_DEPLOYMENT_TARGET = 13.5;
				MTL_ENABLE_DEBUG_INFO = INCLUDE_SOURCE;
				MTL_FAST_MATH = YES;
				ONLY_ACTIVE_ARCH = YES;
				SDKROOT = iphoneos;
			};
			name = Debug;
		};
		379974AE2492E205003C9CA1 /* Release */ = {
			isa = XCBuildConfiguration;
			buildSettings = {
				ALWAYS_SEARCH_USER_PATHS = NO;
				CLANG_ANALYZER_NONNULL = YES;
				CLANG_ANALYZER_NUMBER_OBJECT_CONVERSION = YES_AGGRESSIVE;
				CLANG_CXX_LANGUAGE_STANDARD = "gnu++14";
				CLANG_CXX_LIBRARY = "libc++";
				CLANG_ENABLE_MODULES = YES;
				CLANG_ENABLE_OBJC_ARC = YES;
				CLANG_ENABLE_OBJC_WEAK = YES;
				CLANG_WARN_BLOCK_CAPTURE_AUTORELEASING = YES;
				CLANG_WARN_BOOL_CONVERSION = YES;
				CLANG_WARN_COMMA = YES;
				CLANG_WARN_CONSTANT_CONVERSION = YES;
				CLANG_WARN_DEPRECATED_OBJC_IMPLEMENTATIONS = YES;
				CLANG_WARN_DIRECT_OBJC_ISA_USAGE = YES_ERROR;
				CLANG_WARN_DOCUMENTATION_COMMENTS = YES;
				CLANG_WARN_EMPTY_BODY = YES;
				CLANG_WARN_ENUM_CONVERSION = YES;
				CLANG_WARN_INFINITE_RECURSION = YES;
				CLANG_WARN_INT_CONVERSION = YES;
				CLANG_WARN_NON_LITERAL_NULL_CONVERSION = YES;
				CLANG_WARN_OBJC_IMPLICIT_RETAIN_SELF = YES;
				CLANG_WARN_OBJC_LITERAL_CONVERSION = YES;
				CLANG_WARN_OBJC_ROOT_CLASS = YES_ERROR;
				CLANG_WARN_RANGE_LOOP_ANALYSIS = YES;
				CLANG_WARN_STRICT_PROTOTYPES = YES;
				CLANG_WARN_SUSPICIOUS_MOVE = YES;
				CLANG_WARN_UNGUARDED_AVAILABILITY = YES_AGGRESSIVE;
				CLANG_WARN_UNREACHABLE_CODE = YES;
				CLANG_WARN__DUPLICATE_METHOD_MATCH = YES;
				COPY_PHASE_STRIP = NO;
				DEBUG_INFORMATION_FORMAT = "dwarf-with-dsym";
				ENABLE_NS_ASSERTIONS = NO;
				ENABLE_STRICT_OBJC_MSGSEND = YES;
				GCC_C_LANGUAGE_STANDARD = gnu11;
				GCC_NO_COMMON_BLOCKS = YES;
				GCC_WARN_64_TO_32_BIT_CONVERSION = YES;
				GCC_WARN_ABOUT_RETURN_TYPE = YES_ERROR;
				GCC_WARN_UNDECLARED_SELECTOR = YES;
				GCC_WARN_UNINITIALIZED_AUTOS = YES_AGGRESSIVE;
				GCC_WARN_UNUSED_FUNCTION = YES;
				GCC_WARN_UNUSED_VARIABLE = YES;
				IPHONEOS_DEPLOYMENT_TARGET = 13.5;
				MTL_ENABLE_DEBUG_INFO = NO;
				MTL_FAST_MATH = YES;
				SDKROOT = iphoneos;
				VALIDATE_PRODUCT = YES;
			};
			name = Release;
		};
		379974B02492E205003C9CA1 /* Debug */ = {
			isa = XCBuildConfiguration;
			baseConfigurationReference = 7E433CC2518F580267517A54 /* Pods-Rainville.debug.xcconfig */;
			buildSettings = {
				ASSETCATALOG_COMPILER_APPICON_NAME = AppIcon;
				CODE_SIGN_STYLE = Automatic;
				DEVELOPMENT_TEAM = Y6QZNMQWRN;
				INFOPLIST_FILE = Rainville/Info.plist;
				LD_RUNPATH_SEARCH_PATHS = (
					"$(inherited)",
					"@executable_path/Frameworks",
				);
				MARKETING_VERSION = 2.0.0;
				PRODUCT_BUNDLE_IDENTIFIER = MQ.Rainville;
				PRODUCT_NAME = "$(TARGET_NAME)";
				TARGETED_DEVICE_FAMILY = "1,2";
			};
			name = Debug;
		};
		379974B12492E205003C9CA1 /* Release */ = {
			isa = XCBuildConfiguration;
			baseConfigurationReference = 5BC36F28680878B82B4772E8 /* Pods-Rainville.release.xcconfig */;
			buildSettings = {
				ASSETCATALOG_COMPILER_APPICON_NAME = AppIcon;
				CODE_SIGN_STYLE = Automatic;
				DEVELOPMENT_TEAM = Y6QZNMQWRN;
				INFOPLIST_FILE = Rainville/Info.plist;
				LD_RUNPATH_SEARCH_PATHS = (
					"$(inherited)",
					"@executable_path/Frameworks",
				);
				MARKETING_VERSION = 2.0.0;
				PRODUCT_BUNDLE_IDENTIFIER = MQ.Rainville;
				PRODUCT_NAME = "$(TARGET_NAME)";
				TARGETED_DEVICE_FAMILY = "1,2";
			};
			name = Release;
		};
/* End XCBuildConfiguration section */

/* Begin XCConfigurationList section */
		379974912492E203003C9CA1 /* Build configuration list for PBXProject "Rainville" */ = {
			isa = XCConfigurationList;
			buildConfigurations = (
				379974AD2492E205003C9CA1 /* Debug */,
				379974AE2492E205003C9CA1 /* Release */,
			);
			defaultConfigurationIsVisible = 0;
			defaultConfigurationName = Release;
		};
		379974AF2492E205003C9CA1 /* Build configuration list for PBXNativeTarget "Rainville" */ = {
			isa = XCConfigurationList;
			buildConfigurations = (
				379974B02492E205003C9CA1 /* Debug */,
				379974B12492E205003C9CA1 /* Release */,
			);
			defaultConfigurationIsVisible = 0;
			defaultConfigurationName = Release;
		};
/* End XCConfigurationList section */
	};
	rootObject = 3799748E2492E203003C9CA1 /* Project object */;
}
